// !$*UTF8*$!
{
	archiveVersion = 1;
	classes = {
	};
	objectVersion = 50;
	objects = {

/* Begin PBXBuildFile section */
		F4190B2F231567A3001A6805 /* AppDelegate.swift in Sources */ = {isa = PBXBuildFile; fileRef = F4190B2E231567A3001A6805 /* AppDelegate.swift */; };
		F4190B31231567A3001A6805 /* ViewController.swift in Sources */ = {isa = PBXBuildFile; fileRef = F4190B30231567A3001A6805 /* ViewController.swift */; };
		F4190B34231567A3001A6805 /* Main.storyboard in Resources */ = {isa = PBXBuildFile; fileRef = F4190B32231567A3001A6805 /* Main.storyboard */; };
		F4190B36231567B8001A6805 /* Assets.xcassets in Resources */ = {isa = PBXBuildFile; fileRef = F4190B35231567B8001A6805 /* Assets.xcassets */; };
		F4190B39231567B8001A6805 /* LaunchScreen.storyboard in Resources */ = {isa = PBXBuildFile; fileRef = F4190B37231567B8001A6805 /* LaunchScreen.storyboard */; };
		F4190B46231568DC001A6805 /* JsonModel.swift in Sources */ = {isa = PBXBuildFile; fileRef = F4190B45231568DC001A6805 /* JsonModel.swift */; };
		F4190B4823156931001A6805 /* JsonData.swift in Sources */ = {isa = PBXBuildFile; fileRef = F4190B4723156931001A6805 /* JsonData.swift */; };
		F4190B4A231574BB001A6805 /* DetailsViewController.swift in Sources */ = {isa = PBXBuildFile; fileRef = F4190B49231574BB001A6805 /* DetailsViewController.swift */; };
		F4190B4C231574EA001A6805 /* TableViewCell.swift in Sources */ = {isa = PBXBuildFile; fileRef = F4190B4B231574EA001A6805 /* TableViewCell.swift */; };
/* End PBXBuildFile section */

/* Begin PBXFileReference section */
		F4190B2B231567A3001A6805 /* JSONDecoder.app */ = {isa = PBXFileReference; explicitFileType = wrapper.application; includeInIndex = 0; path = JSONDecoder.app; sourceTree = BUILT_PRODUCTS_DIR; };
		F4190B2E231567A3001A6805 /* AppDelegate.swift */ = {isa = PBXFileReference; lastKnownFileType = sourcecode.swift; path = AppDelegate.swift; sourceTree = "<group>"; };
		F4190B30231567A3001A6805 /* ViewController.swift */ = {isa = PBXFileReference; lastKnownFileType = sourcecode.swift; path = ViewController.swift; sourceTree = "<group>"; };
		F4190B33231567A3001A6805 /* Base */ = {isa = PBXFileReference; lastKnownFileType = file.storyboard; name = Base; path = Base.lproj/Main.storyboard; sourceTree = "<group>"; };
		F4190B35231567B8001A6805 /* Assets.xcassets */ = {isa = PBXFileReference; lastKnownFileType = folder.assetcatalog; path = Assets.xcassets; sourceTree = "<group>"; };
		F4190B38231567B8001A6805 /* Base */ = {isa = PBXFileReference; lastKnownFileType = file.storyboard; name = Base; path = Base.lproj/LaunchScreen.storyboard; sourceTree = "<group>"; };
		F4190B3A231567B8001A6805 /* Info.plist */ = {isa = PBXFileReference; lastKnownFileType = text.plist.xml; path = Info.plist; sourceTree = "<group>"; };
		F4190B45231568DC001A6805 /* JsonModel.swift */ = {isa = PBXFileReference; lastKnownFileType = sourcecode.swift; path = JsonModel.swift; sourceTree = "<group>"; };
		F4190B4723156931001A6805 /* JsonData.swift */ = {isa = PBXFileReference; lastKnownFileType = sourcecode.swift; path = JsonData.swift; sourceTree = "<group>"; };
		F4190B49231574BB001A6805 /* DetailsViewController.swift */ = {isa = PBXFileReference; lastKnownFileType = sourcecode.swift; path = DetailsViewController.swift; sourceTree = "<group>"; };
		F4190B4B231574EA001A6805 /* TableViewCell.swift */ = {isa = PBXFileReference; lastKnownFileType = sourcecode.swift; path = TableViewCell.swift; sourceTree = "<group>"; };
/* End PBXFileReference section */

/* Begin PBXFrameworksBuildPhase section */
		F4190B28231567A2001A6805 /* Frameworks */ = {
			isa = PBXFrameworksBuildPhase;
			buildActionMask = 2147483647;
			files = (
			);
			runOnlyForDeploymentPostprocessing = 0;
		};
/* End PBXFrameworksBuildPhase section */

/* Begin PBXGroup section */
		F4190B22231567A2001A6805 = {
			isa = PBXGroup;
			children = (
				F4190B2D231567A3001A6805 /* JSONDecoder */,
				F4190B2C231567A3001A6805 /* Products */,
			);
			sourceTree = "<group>";
		};
		F4190B2C231567A3001A6805 /* Products */ = {
			isa = PBXGroup;
			children = (
				F4190B2B231567A3001A6805 /* JSONDecoder.app */,
			);
			name = Products;
			sourceTree = "<group>";
		};
		F4190B2D231567A3001A6805 /* JSONDecoder */ = {
			isa = PBXGroup;
			children = (
				F4190B2E231567A3001A6805 /* AppDelegate.swift */,
				F4190B4423156877001A6805 /* Data */,
				F4190B432315686C001A6805 /* Model */,
				F4190B422315685A001A6805 /* View */,
				F4190B4123156845001A6805 /* Controller */,
				F4190B402315681D001A6805 /* Storyboard */,
				F4190B35231567B8001A6805 /* Assets.xcassets */,
				F4190B3A231567B8001A6805 /* Info.plist */,
			);
			path = JSONDecoder;
			sourceTree = "<group>";
		};
		F4190B402315681D001A6805 /* Storyboard */ = {
			isa = PBXGroup;
			children = (
				F4190B32231567A3001A6805 /* Main.storyboard */,
				F4190B37231567B8001A6805 /* LaunchScreen.storyboard */,
			);
			path = Storyboard;
			sourceTree = "<group>";
		};
		F4190B4123156845001A6805 /* Controller */ = {
			isa = PBXGroup;
			children = (
				F4190B30231567A3001A6805 /* ViewController.swift */,
				F4190B49231574BB001A6805 /* DetailsViewController.swift */,
			);
			path = Controller;
			sourceTree = "<group>";
		};
		F4190B422315685A001A6805 /* View */ = {
			isa = PBXGroup;
			children = (
				F4190B4B231574EA001A6805 /* TableViewCell.swift */,
			);
			path = View;
			sourceTree = "<group>";
		};
		F4190B432315686C001A6805 /* Model */ = {
			isa = PBXGroup;
			children = (
				F4190B45231568DC001A6805 /* JsonModel.swift */,
			);
			path = Model;
			sourceTree = "<group>";
		};
		F4190B4423156877001A6805 /* Data */ = {
			isa = PBXGroup;
			children = (
				F4190B4723156931001A6805 /* JsonData.swift */,
			);
			path = Data;
			sourceTree = "<group>";
		};
/* End PBXGroup section */

/* Begin PBXNativeTarget section */
		F4190B2A231567A2001A6805 /* JSONDecoder */ = {
			isa = PBXNativeTarget;
			buildConfigurationList = F4190B3D231567B8001A6805 /* Build configuration list for PBXNativeTarget "JSONDecoder" */;
			buildPhases = (
				F4190B27231567A2001A6805 /* Sources */,
				F4190B28231567A2001A6805 /* Frameworks */,
				F4190B29231567A2001A6805 /* Resources */,
			);
			buildRules = (
			);
			dependencies = (
			);
			name = JSONDecoder;
			productName = JSONDecoder;
			productReference = F4190B2B231567A3001A6805 /* JSONDecoder.app */;
			productType = "com.apple.product-type.application";
		};
/* End PBXNativeTarget section */

/* Begin PBXProject section */
		F4190B23231567A2001A6805 /* Project object */ = {
			isa = PBXProject;
			attributes = {
				LastSwiftUpdateCheck = 1030;
				LastUpgradeCheck = 1030;
				ORGANIZATIONNAME = "Nazim Uddin";
				TargetAttributes = {
					F4190B2A231567A2001A6805 = {
						CreatedOnToolsVersion = 10.3;
					};
				};
			};
			buildConfigurationList = F4190B26231567A2001A6805 /* Build configuration list for PBXProject "JSONDecoder" */;
			compatibilityVersion = "Xcode 9.3";
			developmentRegion = en;
			hasScannedForEncodings = 0;
			knownRegions = (
				en,
				Base,
			);
			mainGroup = F4190B22231567A2001A6805;
			productRefGroup = F4190B2C231567A3001A6805 /* Products */;
			projectDirPath = "";
			projectRoot = "";
			targets = (
				F4190B2A231567A2001A6805 /* JSONDecoder */,
			);
		};
/* End PBXProject section */

/* Begin PBXResourcesBuildPhase section */
		F4190B29231567A2001A6805 /* Resources */ = {
			isa = PBXResourcesBuildPhase;
			buildActionMask = 2147483647;
			files = (
				F4190B39231567B8001A6805 /* LaunchScreen.storyboard in Resources */,
				F4190B36231567B8001A6805 /* Assets.xcassets in Resources */,
				F4190B34231567A3001A6805 /* Main.storyboard in Resources */,
			);
			runOnlyForDeploymentPostprocessing = 0;
		};
/* End PBXResourcesBuildPhase section */

/* Begin PBXSourcesBuildPhase section */
		F4190B27231567A2001A6805 /* Sources */ = {
			isa = PBXSourcesBuildPhase;
			buildActionMask = 2147483647;
			files = (
				F4190B46231568DC001A6805 /* JsonModel.swift in Sources */,
				F4190B4823156931001A6805 /* JsonData.swift in Sources */,
				F4190B31231567A3001A6805 /* ViewController.swift in Sources */,
				F4190B4C231574EA001A6805 /* TableViewCell.swift in Sources */,
				F4190B2F231567A3001A6805 /* AppDelegate.swift in Sources */,
				F4190B4A231574BB001A6805 /* DetailsViewController.swift in Sources */,
			);
			runOnlyForDeploymentPostprocessing = 0;
		};
/* End PBXSourcesBuildPhase section */

/* Begin PBXVariantGroup section */
		F4190B32231567A3001A6805 /* Main.storyboard */ = {
			isa = PBXVariantGroup;
			children = (
				F4190B33231567A3001A6805 /* Base */,
			);
			name = Main.storyboard;
			sourceTree = "<group>";
		};
		F4190B37231567B8001A6805 /* LaunchScreen.storyboard */ = {
			isa = PBXVariantGroup;
			children = (
				F4190B38231567B8001A6805 /* Base */,
			);
			name = LaunchScreen.storyboard;
			sourceTree = "<group>";
		};
/* End PBXVariantGroup section */

/* Begin XCBuildConfiguration section */
		F4190B3B231567B8001A6805 /* Debug */ = {
			isa = XCBuildConfiguration;
			buildSettings = {
				ALWAYS_SEARCH_USER_PATHS = NO;
				CLANG_ANALYZER_NONNULL = YES;
				CLANG_ANALYZER_NUMBER_OBJECT_CONVERSION = YES_AGGRESSIVE;
				CLANG_CXX_LANGUAGE_STANDARD = "gnu++14";
				CLANG_CXX_LIBRARY = "libc++";
				CLANG_ENABLE_MODULES = YES;
				CLANG_ENABLE_OBJC_ARC = YES;
				CLANG_ENABLE_OBJC_WEAK = YES;
				CLANG_WARN_BLOCK_CAPTURE_AUTORELEASING = YES;
				CLANG_WARN_BOOL_CONVERSION = YES;
				CLANG_WARN_COMMA = YES;
				CLANG_WARN_CONSTANT_CONVERSION = YES;
				CLANG_WARN_DEPRECATED_OBJC_IMPLEMENTATIONS = YES;
				CLANG_WARN_DIRECT_OBJC_ISA_USAGE = YES_ERROR;
				CLANG_WARN_DOCUMENTATION_COMMENTS = YES;
				CLANG_WARN_EMPTY_BODY = YES;
				CLANG_WARN_ENUM_CONVERSION = YES;
				CLANG_WARN_INFINITE_RECURSION = YES;
				CLANG_WARN_INT_CONVERSION = YES;
				CLANG_WARN_NON_LITERAL_NULL_CONVERSION = YES;
				CLANG_WARN_OBJC_IMPLICIT_RETAIN_SELF = YES;
				CLANG_WARN_OBJC_LITERAL_CONVERSION = YES;
				CLANG_WARN_OBJC_ROOT_CLASS = YES_ERROR;
				CLANG_WARN_RANGE_LOOP_ANALYSIS = YES;
				CLANG_WARN_STRICT_PROTOTYPES = YES;
				CLANG_WARN_SUSPICIOUS_MOVE = YES;
				CLANG_WARN_UNGUARDED_AVAILABILITY = YES_AGGRESSIVE;
				CLANG_WARN_UNREACHABLE_CODE = YES;
				CLANG_WARN__DUPLICATE_METHOD_MATCH = YES;
				CODE_SIGN_IDENTITY = "iPhone Developer";
				COPY_PHASE_STRIP = NO;
				DEBUG_INFORMATION_FORMAT = dwarf;
				ENABLE_STRICT_OBJC_MSGSEND = YES;
				ENABLE_TESTABILITY = YES;
				GCC_C_LANGUAGE_STANDARD = gnu11;
				GCC_DYNAMIC_NO_PIC = NO;
				GCC_NO_COMMON_BLOCKS = YES;
				GCC_OPTIMIZATION_LEVEL = 0;
				GCC_PREPROCESSOR_DEFINITIONS = (
					"DEBUG=1",
					"$(inherited)",
				);
				GCC_WARN_64_TO_32_BIT_CONVERSION = YES;
				GCC_WARN_ABOUT_RETURN_TYPE = YES_ERROR;
				GCC_WARN_UNDECLARED_SELECTOR = YES;
				GCC_WARN_UNINITIALIZED_AUTOS = YES_AGGRESSIVE;
				GCC_WARN_UNUSED_FUNCTION = YES;
				GCC_WARN_UNUSED_VARIABLE = YES;
				IPHONEOS_DEPLOYMENT_TARGET = 12.4;
				MTL_ENABLE_DEBUG_INFO = INCLUDE_SOURCE;
				MTL_FAST_MATH = YES;
				ONLY_ACTIVE_ARCH = YES;
				SDKROOT = iphoneos;
				SWIFT_ACTIVE_COMPILATION_CONDITIONS = DEBUG;
				SWIFT_OPTIMIZATION_LEVEL = "-Onone";
			};
			name = Debug;
		};
		F4190B3C231567B8001A6805 /* Release */ = {
			isa = XCBuildConfiguration;
			buildSettings = {
				ALWAYS_SEARCH_USER_PATHS = NO;
				CLANG_ANALYZER_NONNULL = YES;
				CLANG_ANALYZER_NUMBER_OBJECT_CONVERSION = YES_AGGRESSIVE;
				CLANG_CXX_LANGUAGE_STANDARD = "gnu++14";
				CLANG_CXX_LIBRARY = "libc++";
				CLANG_ENABLE_MODULES = YES;
				CLANG_ENABLE_OBJC_ARC = YES;
				CLANG_ENABLE_OBJC_WEAK = YES;
				CLANG_WARN_BLOCK_CAPTURE_AUTORELEASING = YES;
				CLANG_WARN_BOOL_CONVERSION = YES;
				CLANG_WARN_COMMA = YES;
				CLANG_WARN_CONSTANT_CONVERSION = YES;
				CLANG_WARN_DEPRECATED_OBJC_IMPLEMENTATIONS = YES;
				CLANG_WARN_DIRECT_OBJC_ISA_USAGE = YES_ERROR;
				CLANG_WARN_DOCUMENTATION_COMMENTS = YES;
				CLANG_WARN_EMPTY_BODY = YES;
				CLANG_WARN_ENUM_CONVERSION = YES;
				CLANG_WARN_INFINITE_RECURSION = YES;
				CLANG_WARN_INT_CONVERSION = YES;
				CLANG_WARN_NON_LITERAL_NULL_CONVERSION = YES;
				CLANG_WARN_OBJC_IMPLICIT_RETAIN_SELF = YES;
				CLANG_WARN_OBJC_LITERAL_CONVERSION = YES;
				CLANG_WARN_OBJC_ROOT_CLASS = YES_ERROR;
				CLANG_WARN_RANGE_LOOP_ANALYSIS = YES;
				CLANG_WARN_STRICT_PROTOTYPES = YES;
				CLANG_WARN_SUSPICIOUS_MOVE = YES;
				CLANG_WARN_UNGUARDED_AVAILABILITY = YES_AGGRESSIVE;
				CLANG_WARN_UNREACHABLE_CODE = YES;
				CLANG_WARN__DUPLICATE_METHOD_MATCH = YES;
				CODE_SIGN_IDENTITY = "iPhone Developer";
				COPY_PHASE_STRIP = NO;
				DEBUG_INFORMATION_FORMAT = "dwarf-with-dsym";
				ENABLE_NS_ASSERTIONS = NO;
				ENABLE_STRICT_OBJC_MSGSEND = YES;
				GCC_C_LANGUAGE_STANDARD = gnu11;
				GCC_NO_COMMON_BLOCKS = YES;
				GCC_WARN_64_TO_32_BIT_CONVERSION = YES;
				GCC_WARN_ABOUT_RETURN_TYPE = YES_ERROR;
				GCC_WARN_UNDECLARED_SELECTOR = YES;
				GCC_WARN_UNINITIALIZED_AUTOS = YES_AGGRESSIVE;
				GCC_WARN_UNUSED_FUNCTION = YES;
				GCC_WARN_UNUSED_VARIABLE = YES;
				IPHONEOS_DEPLOYMENT_TARGET = 12.4;
				MTL_ENABLE_DEBUG_INFO = NO;
				MTL_FAST_MATH = YES;
				SDKROOT = iphoneos;
				SWIFT_COMPILATION_MODE = wholemodule;
				SWIFT_OPTIMIZATION_LEVEL = "-O";
				VALIDATE_PRODUCT = YES;
			};
			name = Release;
		};
		F4190B3E231567B8001A6805 /* Debug */ = {
			isa = XCBuildConfiguration;
			buildSettings = {
				ASSETCATALOG_COMPILER_APPICON_NAME = AppIcon;
				CODE_SIGN_STYLE = Automatic;
				DEVELOPMENT_TEAM = MR2599V69Q;
				INFOPLIST_FILE = JSONDecoder/Info.plist;
				LD_RUNPATH_SEARCH_PATHS = (
					"$(inherited)",
					"@executable_path/Frameworks",
				);
				PRODUCT_BUNDLE_IDENTIFIER = nazim.JSONDecoder;
				PRODUCT_NAME = "$(TARGET_NAME)";
				SWIFT_VERSION = 5.0;
				TARGETED_DEVICE_FAMILY = "1,2";
			};
			name = Debug;
		};
		F4190B3F231567B8001A6805 /* Release */ = {
			isa = XCBuildConfiguration;
			buildSettings = {
				ASSETCATALOG_COMPILER_APPICON_NAME = AppIcon;
				CODE_SIGN_STYLE = Automatic;
				DEVELOPMENT_TEAM = MR2599V69Q;
				INFOPLIST_FILE = JSONDecoder/Info.plist;
				LD_RUNPATH_SEARCH_PATHS = (
					"$(inherited)",
					"@executable_path/Frameworks",
				);
				PRODUCT_BUNDLE_IDENTIFIER = nazim.JSONDecoder;
				PRODUCT_NAME = "$(TARGET_NAME)";
				SWIFT_VERSION = 5.0;
				TARGETED_DEVICE_FAMILY = "1,2";
			};
			name = Release;
		};
/* End XCBuildConfiguration section */

/* Begin XCConfigurationList section */
		F4190B26231567A2001A6805 /* Build configuration list for PBXProject "JSONDecoder" */ = {
			isa = XCConfigurationList;
			buildConfigurations = (
				F4190B3B231567B8001A6805 /* Debug */,
				F4190B3C231567B8001A6805 /* Release */,
			);
			defaultConfigurationIsVisible = 0;
			defaultConfigurationName = Release;
		};
		F4190B3D231567B8001A6805 /* Build configuration list for PBXNativeTarget "JSONDecoder" */ = {
			isa = XCConfigurationList;
			buildConfigurations = (
				F4190B3E231567B8001A6805 /* Debug */,
				F4190B3F231567B8001A6805 /* Release */,
			);
			defaultConfigurationIsVisible = 0;
			defaultConfigurationName = Release;
		};
/* End XCConfigurationList section */
	};
	rootObject = F4190B23231567A2001A6805 /* Project object */;
}
